# THIS IS AN AUTOGENERATED FILE. DO NOT EDIT THIS FILE DIRECTLY.
# yarn lockfile v1


vue-ionicons@^2.2.1:
  version "2.2.1"
  resolved "https://registry.yarnpkg.com/vue-ionicons/-/vue-ionicons-2.2.1.tgz#2837b1af7bce53154e1e951cc677fec1e9dbbc47"
  integrity sha512-0gyUeYWWcL6xP2ajG7MJlaPMH6j83YV533/6E560d9O3HkGyKuKWdUnKCArznrQcFFgPumHTfj5AoLDdeOx4bg==

vuejs@^3.0.1:
  version "3.0.1"
  resolved "https://registry.yarnpkg.com/vuejs/-/vuejs-3.0.1.tgz#8e2391b5dcfd7f6c238629b0d75b14568babd285"
  integrity sha512-7SBlojmqoRX8/GIyWU+4U2sZsefLY+KrD0z7F20G9xsDcQOu6vAlWOqcPAKp+Ym4u394budHBRFv8t36cPxUxg==

vuex@^3.0.1:
  version "3.0.1"
  resolved "https://registry.yarnpkg.com/vuex/-/vuex-3.0.1.tgz#e761352ebe0af537d4bb755a9b9dc4be3df7efd2"
  integrity sha512-wLoqz0B7DSZtgbWL1ShIBBCjv22GV5U+vcBFox658g6V0s4wZV9P4YjCNyoHSyIBpj1f29JBoNQIqD82cR4O3w==
